
Microsoft Visual Studio Solution File, Format Version 12.00
# Visual Studio Version 16
VisualStudioVersion = 16.0.30611.23
MinimumVisualStudioVersion = 10.0.40219.1
Project("{FAE04EC0-301F-11D3-BF4B-00C04F79EFBC}") = "Z1", "Z1\Z1.csproj", "{920FE27D-7EDA-4820-B111-A33439C64D84}"
EndProject
Project("{FAE04EC0-301F-11D3-BF4B-00C04F79EFBC}") = "Classes", "Classes\Classes.csproj", "{BD230AC7-47A6-4162-8BA0-7433B9FEA0AD}"
EndProject
Global
	GlobalSection(SolutionConfigurationPlatforms) = preSolution
		Debug|Any CPU = Debug|Any CPU
		Release|Any CPU = Release|Any CPU
	EndGlobalSection
	GlobalSection(ProjectConfigurationPlatforms) = postSolution
		{920FE27D-7EDA-4820-B111-A33439C64D84}.Debug|Any CPU.ActiveCfg = Debug|Any CPU
		{920FE27D-7EDA-4820-B111-A33439C64D84}.Debug|Any CPU.Build.0 = Debug|Any CPU
		{920FE27D-7EDA-4820-B111-A33439C64D84}.Release|Any CPU.ActiveCfg = Release|Any CPU
		{920FE27D-7EDA-4820-B111-A33439C64D84}.Release|Any CPU.Build.0 = Release|Any CPU
		{BD230AC7-47A6-4162-8BA0-7433B9FEA0AD}.Debug|Any CPU.ActiveCfg = Debug|Any CPU
		{BD230AC7-47A6-4162-8BA0-7433B9FEA0AD}.Debug|Any CPU.Build.0 = Debug|Any CPU
		{BD230AC7-47A6-4162-8BA0-7433B9FEA0AD}.Release|Any CPU.ActiveCfg = Release|Any CPU
		{BD230AC7-47A6-4162-8BA0-7433B9FEA0AD}.Release|Any CPU.Build.0 = Release|Any CPU
	EndGlobalSection
	GlobalSection(SolutionProperties) = preSolution
		HideSolutionNode = FALSE
	EndGlobalSection
	GlobalSection(ExtensibilityGlobals) = postSolution
		SolutionGuid = {8232C376-F1B5-48E9-9311-92218905BE29}
	EndGlobalSection
EndGlobal
